// !$*UTF8*$!
{
	archiveVersion = 1;
	classes = {
	};
	objectVersion = 48;
	objects = {

/* Begin PBXBuildFile section */
		56F833E1CFB384D262F804D5 /* Pods_hacker_newsTests.framework in Frameworks */ = {isa = PBXBuildFile; fileRef = FA919EEF588294CEF5847BA8 /* Pods_hacker_newsTests.framework */; };
		D4CFDE4110B1B4788CB4DEBA /* Pods_hacker_news.framework in Frameworks */ = {isa = PBXBuildFile; fileRef = 766C9C19DED352D37D47CCBC /* Pods_hacker_news.framework */; };
		DB43DB45203613CF0024E7A3 /* AppDelegate.swift in Sources */ = {isa = PBXBuildFile; fileRef = DB43DB44203613CF0024E7A3 /* AppDelegate.swift */; };
		DB43DB4A203613CF0024E7A3 /* Main.storyboard in Resources */ = {isa = PBXBuildFile; fileRef = DB43DB48203613CF0024E7A3 /* Main.storyboard */; };
		DB43DB4C203613CF0024E7A3 /* Assets.xcassets in Resources */ = {isa = PBXBuildFile; fileRef = DB43DB4B203613CF0024E7A3 /* Assets.xcassets */; };
		DB43DB4F203613CF0024E7A3 /* LaunchScreen.storyboard in Resources */ = {isa = PBXBuildFile; fileRef = DB43DB4D203613CF0024E7A3 /* LaunchScreen.storyboard */; };
		DB43DB5A203613CF0024E7A3 /* hacker_newsTests.swift in Sources */ = {isa = PBXBuildFile; fileRef = DB43DB59203613CF0024E7A3 /* hacker_newsTests.swift */; };
		DB43DB682036305D0024E7A3 /* GoogleService-Info.plist in Resources */ = {isa = PBXBuildFile; fileRef = DB43DB672036305D0024E7A3 /* GoogleService-Info.plist */; };
		DB43DB6A20380DFF0024E7A3 /* HackerCommentsVC.swift in Sources */ = {isa = PBXBuildFile; fileRef = DB43DB6920380DFF0024E7A3 /* HackerCommentsVC.swift */; };
		DB43DB6F203CED260024E7A3 /* SWRevealViewController.m in Sources */ = {isa = PBXBuildFile; fileRef = DB43DB6E203CED260024E7A3 /* SWRevealViewController.m */; };
		DBCB1495203E22A200E5ECE0 /* HackerNewsVC.swift in Sources */ = {isa = PBXBuildFile; fileRef = DBCB1494203E22A200E5ECE0 /* HackerNewsVC.swift */; };
		DBCB14972047D6AC00E5ECE0 /* GradientView.swift in Sources */ = {isa = PBXBuildFile; fileRef = DBCB14962047D6AC00E5ECE0 /* GradientView.swift */; };
		DBCB149A2064733F00E5ECE0 /* ShowVC.swift in Sources */ = {isa = PBXBuildFile; fileRef = DBCB14992064733F00E5ECE0 /* ShowVC.swift */; };
		DBCB149C2064735C00E5ECE0 /* JobsVC.swift in Sources */ = {isa = PBXBuildFile; fileRef = DBCB149B2064735C00E5ECE0 /* JobsVC.swift */; };
/* End PBXBuildFile section */

/* Begin PBXContainerItemProxy section */
		DB43DB56203613CF0024E7A3 /* PBXContainerItemProxy */ = {
			isa = PBXContainerItemProxy;
			containerPortal = DB43DB39203613CF0024E7A3 /* Project object */;
			proxyType = 1;
			remoteGlobalIDString = DB43DB40203613CF0024E7A3;
			remoteInfo = "hacker-news";
		};
/* End PBXContainerItemProxy section */

/* Begin PBXFileReference section */
		3EBF69BD06F9A4DB6DEDE4A4 /* Pods-hacker-newsTests.release.xcconfig */ = {isa = PBXFileReference; includeInIndex = 1; lastKnownFileType = text.xcconfig; name = "Pods-hacker-newsTests.release.xcconfig"; path = "Pods/Target Support Files/Pods-hacker-newsTests/Pods-hacker-newsTests.release.xcconfig"; sourceTree = "<group>"; };
		4693FC1A9DE6D7DA65A29B7A /* Pods-hacker-news.release.xcconfig */ = {isa = PBXFileReference; includeInIndex = 1; lastKnownFileType = text.xcconfig; name = "Pods-hacker-news.release.xcconfig"; path = "Pods/Target Support Files/Pods-hacker-news/Pods-hacker-news.release.xcconfig"; sourceTree = "<group>"; };
		5DA84C0841E42C8DF14CEA7D /* Pods-hacker-news.debug.xcconfig */ = {isa = PBXFileReference; includeInIndex = 1; lastKnownFileType = text.xcconfig; name = "Pods-hacker-news.debug.xcconfig"; path = "Pods/Target Support Files/Pods-hacker-news/Pods-hacker-news.debug.xcconfig"; sourceTree = "<group>"; };
		766C9C19DED352D37D47CCBC /* Pods_hacker_news.framework */ = {isa = PBXFileReference; explicitFileType = wrapper.framework; includeInIndex = 0; path = Pods_hacker_news.framework; sourceTree = BUILT_PRODUCTS_DIR; };
		DB43DB41203613CF0024E7A3 /* hacker-news.app */ = {isa = PBXFileReference; explicitFileType = wrapper.application; includeInIndex = 0; path = "hacker-news.app"; sourceTree = BUILT_PRODUCTS_DIR; };
		DB43DB44203613CF0024E7A3 /* AppDelegate.swift */ = {isa = PBXFileReference; lastKnownFileType = sourcecode.swift; path = AppDelegate.swift; sourceTree = "<group>"; };
		DB43DB49203613CF0024E7A3 /* Base */ = {isa = PBXFileReference; lastKnownFileType = file.storyboard; name = Base; path = Base.lproj/Main.storyboard; sourceTree = "<group>"; };
		DB43DB4B203613CF0024E7A3 /* Assets.xcassets */ = {isa = PBXFileReference; lastKnownFileType = folder.assetcatalog; path = Assets.xcassets; sourceTree = "<group>"; };
		DB43DB4E203613CF0024E7A3 /* Base */ = {isa = PBXFileReference; lastKnownFileType = file.storyboard; name = Base; path = Base.lproj/LaunchScreen.storyboard; sourceTree = "<group>"; };
		DB43DB50203613CF0024E7A3 /* Info.plist */ = {isa = PBXFileReference; lastKnownFileType = text.plist.xml; path = Info.plist; sourceTree = "<group>"; };
		DB43DB55203613CF0024E7A3 /* hacker-newsTests.xctest */ = {isa = PBXFileReference; explicitFileType = wrapper.cfbundle; includeInIndex = 0; path = "hacker-newsTests.xctest"; sourceTree = BUILT_PRODUCTS_DIR; };
		DB43DB59203613CF0024E7A3 /* hacker_newsTests.swift */ = {isa = PBXFileReference; lastKnownFileType = sourcecode.swift; path = hacker_newsTests.swift; sourceTree = "<group>"; };
		DB43DB5B203613CF0024E7A3 /* Info.plist */ = {isa = PBXFileReference; lastKnownFileType = text.plist.xml; path = Info.plist; sourceTree = "<group>"; };
		DB43DB672036305D0024E7A3 /* GoogleService-Info.plist */ = {isa = PBXFileReference; fileEncoding = 4; lastKnownFileType = text.plist.xml; path = "GoogleService-Info.plist"; sourceTree = "<group>"; };
		DB43DB6920380DFF0024E7A3 /* HackerCommentsVC.swift */ = {isa = PBXFileReference; lastKnownFileType = sourcecode.swift; path = HackerCommentsVC.swift; sourceTree = "<group>"; };
		DB43DB6C203CED250024E7A3 /* hacker-news-Bridging-Header.h */ = {isa = PBXFileReference; lastKnownFileType = sourcecode.c.h; path = "hacker-news-Bridging-Header.h"; sourceTree = "<group>"; };
		DB43DB6D203CED260024E7A3 /* SWRevealViewController.h */ = {isa = PBXFileReference; fileEncoding = 4; lastKnownFileType = sourcecode.c.h; path = SWRevealViewController.h; sourceTree = "<group>"; };
		DB43DB6E203CED260024E7A3 /* SWRevealViewController.m */ = {isa = PBXFileReference; fileEncoding = 4; lastKnownFileType = sourcecode.c.objc; path = SWRevealViewController.m; sourceTree = "<group>"; };
		DBCB1494203E22A200E5ECE0 /* HackerNewsVC.swift */ = {isa = PBXFileReference; lastKnownFileType = sourcecode.swift; path = HackerNewsVC.swift; sourceTree = "<group>"; };
		DBCB14962047D6AC00E5ECE0 /* GradientView.swift */ = {isa = PBXFileReference; lastKnownFileType = sourcecode.swift; path = GradientView.swift; sourceTree = "<group>"; };
		DBCB14992064733F00E5ECE0 /* ShowVC.swift */ = {isa = PBXFileReference; lastKnownFileType = sourcecode.swift; path = ShowVC.swift; sourceTree = "<group>"; };
		DBCB149B2064735C00E5ECE0 /* JobsVC.swift */ = {isa = PBXFileReference; lastKnownFileType = sourcecode.swift; path = JobsVC.swift; sourceTree = "<group>"; };
		F41573C092D3A61D0EBCB3E3 /* Pods-hacker-newsTests.debug.xcconfig */ = {isa = PBXFileReference; includeInIndex = 1; lastKnownFileType = text.xcconfig; name = "Pods-hacker-newsTests.debug.xcconfig"; path = "Pods/Target Support Files/Pods-hacker-newsTests/Pods-hacker-newsTests.debug.xcconfig"; sourceTree = "<group>"; };
		FA919EEF588294CEF5847BA8 /* Pods_hacker_newsTests.framework */ = {isa = PBXFileReference; explicitFileType = wrapper.framework; includeInIndex = 0; path = Pods_hacker_newsTests.framework; sourceTree = BUILT_PRODUCTS_DIR; };
/* End PBXFileReference section */

/* Begin PBXFrameworksBuildPhase section */
		DB43DB3E203613CF0024E7A3 /* Frameworks */ = {
			isa = PBXFrameworksBuildPhase;
			buildActionMask = 2147483647;
			files = (
				D4CFDE4110B1B4788CB4DEBA /* Pods_hacker_news.framework in Frameworks */,
			);
			runOnlyForDeploymentPostprocessing = 0;
		};
		DB43DB52203613CF0024E7A3 /* Frameworks */ = {
			isa = PBXFrameworksBuildPhase;
			buildActionMask = 2147483647;
			files = (
				56F833E1CFB384D262F804D5 /* Pods_hacker_newsTests.framework in Frameworks */,
			);
			runOnlyForDeploymentPostprocessing = 0;
		};
/* End PBXFrameworksBuildPhase section */

/* Begin PBXGroup section */
		0B9D59C4BE6521EEEC7824B4 /* Frameworks */ = {
			isa = PBXGroup;
			children = (
				766C9C19DED352D37D47CCBC /* Pods_hacker_news.framework */,
				FA919EEF588294CEF5847BA8 /* Pods_hacker_newsTests.framework */,
			);
			name = Frameworks;
			sourceTree = "<group>";
		};
		CC476B14786D2AB17221A454 /* Pods */ = {
			isa = PBXGroup;
			children = (
				5DA84C0841E42C8DF14CEA7D /* Pods-hacker-news.debug.xcconfig */,
				4693FC1A9DE6D7DA65A29B7A /* Pods-hacker-news.release.xcconfig */,
				F41573C092D3A61D0EBCB3E3 /* Pods-hacker-newsTests.debug.xcconfig */,
				3EBF69BD06F9A4DB6DEDE4A4 /* Pods-hacker-newsTests.release.xcconfig */,
			);
			name = Pods;
			sourceTree = "<group>";
		};
		DB43DB38203613CF0024E7A3 = {
			isa = PBXGroup;
			children = (
				DB43DB43203613CF0024E7A3 /* hacker-news */,
				DB43DB58203613CF0024E7A3 /* hacker-newsTests */,
				DB43DB42203613CF0024E7A3 /* Products */,
				CC476B14786D2AB17221A454 /* Pods */,
				0B9D59C4BE6521EEEC7824B4 /* Frameworks */,
			);
			sourceTree = "<group>";
		};
		DB43DB42203613CF0024E7A3 /* Products */ = {
			isa = PBXGroup;
			children = (
				DB43DB41203613CF0024E7A3 /* hacker-news.app */,
				DB43DB55203613CF0024E7A3 /* hacker-newsTests.xctest */,
			);
			name = Products;
			sourceTree = "<group>";
		};
		DB43DB43203613CF0024E7A3 /* hacker-news */ = {
			isa = PBXGroup;
			children = (
				DB43DB6B203CEC180024E7A3 /* Supporting Files */,
				DB43DB662036144B0024E7A3 /* Model */,
				DB43DB65203614390024E7A3 /* View */,
				DB43DB64203614220024E7A3 /* Controller */,
				DB43DB50203613CF0024E7A3 /* Info.plist */,
				DB43DB672036305D0024E7A3 /* GoogleService-Info.plist */,
			);
			path = "hacker-news";
			sourceTree = "<group>";
		};
		DB43DB58203613CF0024E7A3 /* hacker-newsTests */ = {
			isa = PBXGroup;
			children = (
				DB43DB59203613CF0024E7A3 /* hacker_newsTests.swift */,
				DB43DB5B203613CF0024E7A3 /* Info.plist */,
			);
			path = "hacker-newsTests";
			sourceTree = "<group>";
		};
		DB43DB64203614220024E7A3 /* Controller */ = {
			isa = PBXGroup;
			children = (
				DBCB1494203E22A200E5ECE0 /* HackerNewsVC.swift */,
				DB43DB6920380DFF0024E7A3 /* HackerCommentsVC.swift */,
				DBCB14992064733F00E5ECE0 /* ShowVC.swift */,
				DBCB149B2064735C00E5ECE0 /* JobsVC.swift */,
			);
			path = Controller;
			sourceTree = "<group>";
		};
		DB43DB65203614390024E7A3 /* View */ = {
			isa = PBXGroup;
			children = (
				DB43DB48203613CF0024E7A3 /* Main.storyboard */,
				DB43DB4B203613CF0024E7A3 /* Assets.xcassets */,
				DB43DB4D203613CF0024E7A3 /* LaunchScreen.storyboard */,
				DBCB14982047DAE700E5ECE0 /* Subclass */,
			);
			path = View;
			sourceTree = "<group>";
		};
		DB43DB662036144B0024E7A3 /* Model */ = {
			isa = PBXGroup;
			children = (
				DB43DB44203613CF0024E7A3 /* AppDelegate.swift */,
			);
			path = Model;
			sourceTree = "<group>";
		};
		DB43DB6B203CEC180024E7A3 /* Supporting Files */ = {
			isa = PBXGroup;
			children = (
				DB43DB6D203CED260024E7A3 /* SWRevealViewController.h */,
				DB43DB6E203CED260024E7A3 /* SWRevealViewController.m */,
				DB43DB6C203CED250024E7A3 /* hacker-news-Bridging-Header.h */,
			);
			path = "Supporting Files";
			sourceTree = "<group>";
		};
		DBCB14982047DAE700E5ECE0 /* Subclass */ = {
			isa = PBXGroup;
			children = (
				DBCB14962047D6AC00E5ECE0 /* GradientView.swift */,
			);
			path = Subclass;
			sourceTree = "<group>";
		};
/* End PBXGroup section */

/* Begin PBXNativeTarget section */
		DB43DB40203613CF0024E7A3 /* hacker-news */ = {
			isa = PBXNativeTarget;
			buildConfigurationList = DB43DB5E203613CF0024E7A3 /* Build configuration list for PBXNativeTarget "hacker-news" */;
			buildPhases = (
				59F814173EDD891669FBD390 /* [CP] Check Pods Manifest.lock */,
				DB43DB3D203613CF0024E7A3 /* Sources */,
				DB43DB3E203613CF0024E7A3 /* Frameworks */,
				DB43DB3F203613CF0024E7A3 /* Resources */,
				75EED7610D6E21A231AFF8E5 /* [CP] Embed Pods Frameworks */,
				92B0FACAB6859C500C083511 /* [CP] Copy Pods Resources */,
			);
			buildRules = (
			);
			dependencies = (
			);
			name = "hacker-news";
			productName = "hacker-news";
			productReference = DB43DB41203613CF0024E7A3 /* hacker-news.app */;
			productType = "com.apple.product-type.application";
		};
		DB43DB54203613CF0024E7A3 /* hacker-newsTests */ = {
			isa = PBXNativeTarget;
			buildConfigurationList = DB43DB61203613CF0024E7A3 /* Build configuration list for PBXNativeTarget "hacker-newsTests" */;
			buildPhases = (
				A0005F6310A8203081A4DFF8 /* [CP] Check Pods Manifest.lock */,
				DB43DB51203613CF0024E7A3 /* Sources */,
				DB43DB52203613CF0024E7A3 /* Frameworks */,
				DB43DB53203613CF0024E7A3 /* Resources */,
				9EC428DF499CCDD83B8B591D /* [CP] Embed Pods Frameworks */,
				7C8C1905DA81648EF17CE8C1 /* [CP] Copy Pods Resources */,
			);
			buildRules = (
			);
			dependencies = (
				DB43DB57203613CF0024E7A3 /* PBXTargetDependency */,
			);
			name = "hacker-newsTests";
			productName = "hacker-newsTests";
			productReference = DB43DB55203613CF0024E7A3 /* hacker-newsTests.xctest */;
			productType = "com.apple.product-type.bundle.unit-test";
		};
/* End PBXNativeTarget section */

/* Begin PBXProject section */
		DB43DB39203613CF0024E7A3 /* Project object */ = {
			isa = PBXProject;
			attributes = {
				LastSwiftUpdateCheck = 0920;
				LastUpgradeCheck = 0920;
				ORGANIZATIONNAME = "Pavel Parkhomey";
				TargetAttributes = {
					DB43DB40203613CF0024E7A3 = {
						CreatedOnToolsVersion = 9.2;
						LastSwiftMigration = 0920;
						ProvisioningStyle = Automatic;
					};
					DB43DB54203613CF0024E7A3 = {
						CreatedOnToolsVersion = 9.2;
						ProvisioningStyle = Automatic;
						TestTargetID = DB43DB40203613CF0024E7A3;
					};
				};
			};
			buildConfigurationList = DB43DB3C203613CF0024E7A3 /* Build configuration list for PBXProject "hacker-news" */;
			compatibilityVersion = "Xcode 8.0";
			developmentRegion = en;
			hasScannedForEncodings = 0;
			knownRegions = (
				en,
				Base,
			);
			mainGroup = DB43DB38203613CF0024E7A3;
			productRefGroup = DB43DB42203613CF0024E7A3 /* Products */;
			projectDirPath = "";
			projectRoot = "";
			targets = (
				DB43DB40203613CF0024E7A3 /* hacker-news */,
				DB43DB54203613CF0024E7A3 /* hacker-newsTests */,
			);
		};
/* End PBXProject section */

/* Begin PBXResourcesBuildPhase section */
		DB43DB3F203613CF0024E7A3 /* Resources */ = {
			isa = PBXResourcesBuildPhase;
			buildActionMask = 2147483647;
			files = (
				DB43DB4F203613CF0024E7A3 /* LaunchScreen.storyboard in Resources */,
				DB43DB682036305D0024E7A3 /* GoogleService-Info.plist in Resources */,
				DB43DB4C203613CF0024E7A3 /* Assets.xcassets in Resources */,
				DB43DB4A203613CF0024E7A3 /* Main.storyboard in Resources */,
			);
			runOnlyForDeploymentPostprocessing = 0;
		};
		DB43DB53203613CF0024E7A3 /* Resources */ = {
			isa = PBXResourcesBuildPhase;
			buildActionMask = 2147483647;
			files = (
			);
			runOnlyForDeploymentPostprocessing = 0;
		};
/* End PBXResourcesBuildPhase section */

/* Begin PBXShellScriptBuildPhase section */
		59F814173EDD891669FBD390 /* [CP] Check Pods Manifest.lock */ = {
			isa = PBXShellScriptBuildPhase;
			buildActionMask = 2147483647;
			files = (
			);
			inputPaths = (
				"${PODS_PODFILE_DIR_PATH}/Podfile.lock",
				"${PODS_ROOT}/Manifest.lock",
			);
			name = "[CP] Check Pods Manifest.lock";
			outputPaths = (
				"$(DERIVED_FILE_DIR)/Pods-hacker-news-checkManifestLockResult.txt",
			);
			runOnlyForDeploymentPostprocessing = 0;
			shellPath = /bin/sh;
			shellScript = "diff \"${PODS_PODFILE_DIR_PATH}/Podfile.lock\" \"${PODS_ROOT}/Manifest.lock\" > /dev/null\nif [ $? != 0 ] ; then\n    # print error to STDERR\n    echo \"error: The sandbox is not in sync with the Podfile.lock. Run 'pod install' or update your CocoaPods installation.\" >&2\n    exit 1\nfi\n# This output is used by Xcode 'outputs' to avoid re-running this script phase.\necho \"SUCCESS\" > \"${SCRIPT_OUTPUT_FILE_0}\"\n";
			showEnvVarsInLog = 0;
		};
		75EED7610D6E21A231AFF8E5 /* [CP] Embed Pods Frameworks */ = {
			isa = PBXShellScriptBuildPhase;
			buildActionMask = 2147483647;
			files = (
			);
			inputPaths = (
				"${SRCROOT}/Pods/Target Support Files/Pods-hacker-news/Pods-hacker-news-frameworks.sh",
				"${BUILT_PRODUCTS_DIR}/Alamofire/Alamofire.framework",
				"${BUILT_PRODUCTS_DIR}/GoogleToolboxForMac/GoogleToolboxForMac.framework",
				"${BUILT_PRODUCTS_DIR}/SwiftyJSON/SwiftyJSON.framework",
				"${BUILT_PRODUCTS_DIR}/nanopb/nanopb.framework",
			);
			name = "[CP] Embed Pods Frameworks";
			outputPaths = (
				"${TARGET_BUILD_DIR}/${FRAMEWORKS_FOLDER_PATH}/Alamofire.framework",
				"${TARGET_BUILD_DIR}/${FRAMEWORKS_FOLDER_PATH}/GoogleToolboxForMac.framework",
				"${TARGET_BUILD_DIR}/${FRAMEWORKS_FOLDER_PATH}/SwiftyJSON.framework",
				"${TARGET_BUILD_DIR}/${FRAMEWORKS_FOLDER_PATH}/nanopb.framework",
			);
			runOnlyForDeploymentPostprocessing = 0;
			shellPath = /bin/sh;
			shellScript = "\"${SRCROOT}/Pods/Target Support Files/Pods-hacker-news/Pods-hacker-news-frameworks.sh\"\n";
			showEnvVarsInLog = 0;
		};
		7C8C1905DA81648EF17CE8C1 /* [CP] Copy Pods Resources */ = {
			isa = PBXShellScriptBuildPhase;
			buildActionMask = 2147483647;
			files = (
			);
			inputPaths = (
			);
			name = "[CP] Copy Pods Resources";
			outputPaths = (
			);
			runOnlyForDeploymentPostprocessing = 0;
			shellPath = /bin/sh;
			shellScript = "\"${SRCROOT}/Pods/Target Support Files/Pods-hacker-newsTests/Pods-hacker-newsTests-resources.sh\"\n";
			showEnvVarsInLog = 0;
		};
		92B0FACAB6859C500C083511 /* [CP] Copy Pods Resources */ = {
			isa = PBXShellScriptBuildPhase;
			buildActionMask = 2147483647;
			files = (
			);
			inputPaths = (
			);
			name = "[CP] Copy Pods Resources";
			outputPaths = (
			);
			runOnlyForDeploymentPostprocessing = 0;
			shellPath = /bin/sh;
			shellScript = "\"${SRCROOT}/Pods/Target Support Files/Pods-hacker-news/Pods-hacker-news-resources.sh\"\n";
			showEnvVarsInLog = 0;
		};
		9EC428DF499CCDD83B8B591D /* [CP] Embed Pods Frameworks */ = {
			isa = PBXShellScriptBuildPhase;
			buildActionMask = 2147483647;
			files = (
			);
			inputPaths = (
			);
			name = "[CP] Embed Pods Frameworks";
			outputPaths = (
			);
			runOnlyForDeploymentPostprocessing = 0;
			shellPath = /bin/sh;
			shellScript = "\"${SRCROOT}/Pods/Target Support Files/Pods-hacker-newsTests/Pods-hacker-newsTests-frameworks.sh\"\n";
			showEnvVarsInLog = 0;
		};
		A0005F6310A8203081A4DFF8 /* [CP] Check Pods Manifest.lock */ = {
			isa = PBXShellScriptBuildPhase;
			buildActionMask = 2147483647;
			files = (
			);
			inputPaths = (
				"${PODS_PODFILE_DIR_PATH}/Podfile.lock",
				"${PODS_ROOT}/Manifest.lock",
			);
			name = "[CP] Check Pods Manifest.lock";
			outputPaths = (
				"$(DERIVED_FILE_DIR)/Pods-hacker-newsTests-checkManifestLockResult.txt",
			);
			runOnlyForDeploymentPostprocessing = 0;
			shellPath = /bin/sh;
			shellScript = "diff \"${PODS_PODFILE_DIR_PATH}/Podfile.lock\" \"${PODS_ROOT}/Manifest.lock\" > /dev/null\nif [ $? != 0 ] ; then\n    # print error to STDERR\n    echo \"error: The sandbox is not in sync with the Podfile.lock. Run 'pod install' or update your CocoaPods installation.\" >&2\n    exit 1\nfi\n# This output is used by Xcode 'outputs' to avoid re-running this script phase.\necho \"SUCCESS\" > \"${SCRIPT_OUTPUT_FILE_0}\"\n";
			showEnvVarsInLog = 0;
		};
/* End PBXShellScriptBuildPhase section */

/* Begin PBXSourcesBuildPhase section */
		DB43DB3D203613CF0024E7A3 /* Sources */ = {
			isa = PBXSourcesBuildPhase;
			buildActionMask = 2147483647;
			files = (
				DB43DB45203613CF0024E7A3 /* AppDelegate.swift in Sources */,
				DBCB1495203E22A200E5ECE0 /* HackerNewsVC.swift in Sources */,
				DBCB14972047D6AC00E5ECE0 /* GradientView.swift in Sources */,
				DBCB149A2064733F00E5ECE0 /* ShowVC.swift in Sources */,
				DB43DB6A20380DFF0024E7A3 /* HackerCommentsVC.swift in Sources */,
				DBCB149C2064735C00E5ECE0 /* JobsVC.swift in Sources */,
				DB43DB6F203CED260024E7A3 /* SWRevealViewController.m in Sources */,
			);
			runOnlyForDeploymentPostprocessing = 0;
		};
		DB43DB51203613CF0024E7A3 /* Sources */ = {
			isa = PBXSourcesBuildPhase;
			buildActionMask = 2147483647;
			files = (
				DB43DB5A203613CF0024E7A3 /* hacker_newsTests.swift in Sources */,
			);
			runOnlyForDeploymentPostprocessing = 0;
		};
/* End PBXSourcesBuildPhase section */

/* Begin PBXTargetDependency section */
		DB43DB57203613CF0024E7A3 /* PBXTargetDependency */ = {
			isa = PBXTargetDependency;
			target = DB43DB40203613CF0024E7A3 /* hacker-news */;
			targetProxy = DB43DB56203613CF0024E7A3 /* PBXContainerItemProxy */;
		};
/* End PBXTargetDependency section */

/* Begin PBXVariantGroup section */
		DB43DB48203613CF0024E7A3 /* Main.storyboard */ = {
			isa = PBXVariantGroup;
			children = (
				DB43DB49203613CF0024E7A3 /* Base */,
			);
			name = Main.storyboard;
			sourceTree = "<group>";
		};
		DB43DB4D203613CF0024E7A3 /* LaunchScreen.storyboard */ = {
			isa = PBXVariantGroup;
			children = (
				DB43DB4E203613CF0024E7A3 /* Base */,
			);
			name = LaunchScreen.storyboard;
			sourceTree = "<group>";
		};
/* End PBXVariantGroup section */

/* Begin XCBuildConfiguration section */
		DB43DB5C203613CF0024E7A3 /* Debug */ = {
			isa = XCBuildConfiguration;
			buildSettings = {
				ALWAYS_SEARCH_USER_PATHS = NO;
				CLANG_ANALYZER_NONNULL = YES;
				CLANG_ANALYZER_NUMBER_OBJECT_CONVERSION = YES_AGGRESSIVE;
				CLANG_CXX_LANGUAGE_STANDARD = "gnu++14";
				CLANG_CXX_LIBRARY = "libc++";
				CLANG_ENABLE_MODULES = YES;
				CLANG_ENABLE_OBJC_ARC = YES;
				CLANG_WARN_BLOCK_CAPTURE_AUTORELEASING = YES;
				CLANG_WARN_BOOL_CONVERSION = YES;
				CLANG_WARN_COMMA = YES;
				CLANG_WARN_CONSTANT_CONVERSION = YES;
				CLANG_WARN_DIRECT_OBJC_ISA_USAGE = YES_ERROR;
				CLANG_WARN_DOCUMENTATION_COMMENTS = YES;
				CLANG_WARN_EMPTY_BODY = YES;
				CLANG_WARN_ENUM_CONVERSION = YES;
				CLANG_WARN_INFINITE_RECURSION = YES;
				CLANG_WARN_INT_CONVERSION = YES;
				CLANG_WARN_NON_LITERAL_NULL_CONVERSION = YES;
				CLANG_WARN_OBJC_LITERAL_CONVERSION = YES;
				CLANG_WARN_OBJC_ROOT_CLASS = YES_ERROR;
				CLANG_WARN_RANGE_LOOP_ANALYSIS = YES;
				CLANG_WARN_STRICT_PROTOTYPES = YES;
				CLANG_WARN_SUSPICIOUS_MOVE = YES;
				CLANG_WARN_UNGUARDED_AVAILABILITY = YES_AGGRESSIVE;
				CLANG_WARN_UNREACHABLE_CODE = YES;
				CLANG_WARN__DUPLICATE_METHOD_MATCH = YES;
				CODE_SIGN_IDENTITY = "iPhone Developer";
				COPY_PHASE_STRIP = NO;
				DEBUG_INFORMATION_FORMAT = dwarf;
				ENABLE_STRICT_OBJC_MSGSEND = YES;
				ENABLE_TESTABILITY = YES;
				GCC_C_LANGUAGE_STANDARD = gnu11;
				GCC_DYNAMIC_NO_PIC = NO;
				GCC_NO_COMMON_BLOCKS = YES;
				GCC_OPTIMIZATION_LEVEL = 0;
				GCC_PREPROCESSOR_DEFINITIONS = (
					"DEBUG=1",
					"$(inherited)",
				);
				GCC_WARN_64_TO_32_BIT_CONVERSION = YES;
				GCC_WARN_ABOUT_RETURN_TYPE = YES_ERROR;
				GCC_WARN_UNDECLARED_SELECTOR = YES;
				GCC_WARN_UNINITIALIZED_AUTOS = YES_AGGRESSIVE;
				GCC_WARN_UNUSED_FUNCTION = YES;
				GCC_WARN_UNUSED_VARIABLE = YES;
				IPHONEOS_DEPLOYMENT_TARGET = 11.2;
				MTL_ENABLE_DEBUG_INFO = YES;
				ONLY_ACTIVE_ARCH = YES;
				SDKROOT = iphoneos;
				SWIFT_ACTIVE_COMPILATION_CONDITIONS = DEBUG;
				SWIFT_OPTIMIZATION_LEVEL = "-Onone";
			};
			name = Debug;
		};
		DB43DB5D203613CF0024E7A3 /* Release */ = {
			isa = XCBuildConfiguration;
			buildSettings = {
				ALWAYS_SEARCH_USER_PATHS = NO;
				CLANG_ANALYZER_NONNULL = YES;
				CLANG_ANALYZER_NUMBER_OBJECT_CONVERSION = YES_AGGRESSIVE;
				CLANG_CXX_LANGUAGE_STANDARD = "gnu++14";
				CLANG_CXX_LIBRARY = "libc++";
				CLANG_ENABLE_MODULES = YES;
				CLANG_ENABLE_OBJC_ARC = YES;
				CLANG_WARN_BLOCK_CAPTURE_AUTORELEASING = YES;
				CLANG_WARN_BOOL_CONVERSION = YES;
				CLANG_WARN_COMMA = YES;
				CLANG_WARN_CONSTANT_CONVERSION = YES;
				CLANG_WARN_DIRECT_OBJC_ISA_USAGE = YES_ERROR;
				CLANG_WARN_DOCUMENTATION_COMMENTS = YES;
				CLANG_WARN_EMPTY_BODY = YES;
				CLANG_WARN_ENUM_CONVERSION = YES;
				CLANG_WARN_INFINITE_RECURSION = YES;
				CLANG_WARN_INT_CONVERSION = YES;
				CLANG_WARN_NON_LITERAL_NULL_CONVERSION = YES;
				CLANG_WARN_OBJC_LITERAL_CONVERSION = YES;
				CLANG_WARN_OBJC_ROOT_CLASS = YES_ERROR;
				CLANG_WARN_RANGE_LOOP_ANALYSIS = YES;
				CLANG_WARN_STRICT_PROTOTYPES = YES;
				CLANG_WARN_SUSPICIOUS_MOVE = YES;
				CLANG_WARN_UNGUARDED_AVAILABILITY = YES_AGGRESSIVE;
				CLANG_WARN_UNREACHABLE_CODE = YES;
				CLANG_WARN__DUPLICATE_METHOD_MATCH = YES;
				CODE_SIGN_IDENTITY = "iPhone Developer";
				COPY_PHASE_STRIP = NO;
				DEBUG_INFORMATION_FORMAT = "dwarf-with-dsym";
				ENABLE_NS_ASSERTIONS = NO;
				ENABLE_STRICT_OBJC_MSGSEND = YES;
				GCC_C_LANGUAGE_STANDARD = gnu11;
				GCC_NO_COMMON_BLOCKS = YES;
				GCC_WARN_64_TO_32_BIT_CONVERSION = YES;
				GCC_WARN_ABOUT_RETURN_TYPE = YES_ERROR;
				GCC_WARN_UNDECLARED_SELECTOR = YES;
				GCC_WARN_UNINITIALIZED_AUTOS = YES_AGGRESSIVE;
				GCC_WARN_UNUSED_FUNCTION = YES;
				GCC_WARN_UNUSED_VARIABLE = YES;
				IPHONEOS_DEPLOYMENT_TARGET = 11.2;
				MTL_ENABLE_DEBUG_INFO = NO;
				SDKROOT = iphoneos;
				SWIFT_OPTIMIZATION_LEVEL = "-Owholemodule";
				VALIDATE_PRODUCT = YES;
			};
			name = Release;
		};
		DB43DB5F203613CF0024E7A3 /* Debug */ = {
			isa = XCBuildConfiguration;
			baseConfigurationReference = 5DA84C0841E42C8DF14CEA7D /* Pods-hacker-news.debug.xcconfig */;
			buildSettings = {
				ASSETCATALOG_COMPILER_APPICON_NAME = AppIcon;
				CLANG_ENABLE_MODULES = YES;
				CODE_SIGN_STYLE = Automatic;
				DEVELOPMENT_TEAM = 6X88V8MC7R;
				INFOPLIST_FILE = "hacker-news/Info.plist";
				LD_RUNPATH_SEARCH_PATHS = "$(inherited) @executable_path/Frameworks";
				PRODUCT_BUNDLE_IDENTIFIER = "com.project.hacker-news";
				PRODUCT_NAME = "$(TARGET_NAME)";
				SWIFT_OBJC_BRIDGING_HEADER = "hacker-news/Supporting Files/hacker-news-Bridging-Header.h";
				SWIFT_OPTIMIZATION_LEVEL = "-Onone";
				SWIFT_VERSION = 4.0;
				TARGETED_DEVICE_FAMILY = "1,2";
			};
			name = Debug;
		};
		DB43DB60203613CF0024E7A3 /* Release */ = {
			isa = XCBuildConfiguration;
			baseConfigurationReference = 4693FC1A9DE6D7DA65A29B7A /* Pods-hacker-news.release.xcconfig */;
			buildSettings = {
				ASSETCATALOG_COMPILER_APPICON_NAME = AppIcon;
				CLANG_ENABLE_MODULES = YES;
				CODE_SIGN_STYLE = Automatic;
				DEVELOPMENT_TEAM = 6X88V8MC7R;
				INFOPLIST_FILE = "hacker-news/Info.plist";
				LD_RUNPATH_SEARCH_PATHS = "$(inherited) @executable_path/Frameworks";
				PRODUCT_BUNDLE_IDENTIFIER = "com.project.hacker-news";
				PRODUCT_NAME = "$(TARGET_NAME)";
				SWIFT_OBJC_BRIDGING_HEADER = "hacker-news/Supporting Files/hacker-news-Bridging-Header.h";
				SWIFT_VERSION = 4.0;
				TARGETED_DEVICE_FAMILY = "1,2";
			};
			name = Release;
		};
		DB43DB62203613CF0024E7A3 /* Debug */ = {
			isa = XCBuildConfiguration;
			baseConfigurationReference = F41573C092D3A61D0EBCB3E3 /* Pods-hacker-newsTests.debug.xcconfig */;
			buildSettings = {
				ALWAYS_EMBED_SWIFT_STANDARD_LIBRARIES = YES;
				BUNDLE_LOADER = "$(TEST_HOST)";
				CODE_SIGN_STYLE = Automatic;
				DEVELOPMENT_TEAM = 6X88V8MC7R;
				INFOPLIST_FILE = "hacker-newsTests/Info.plist";
				LD_RUNPATH_SEARCH_PATHS = "$(inherited) @executable_path/Frameworks @loader_path/Frameworks";
				PRODUCT_BUNDLE_IDENTIFIER = "com.project.hacker-newsTests";
				PRODUCT_NAME = "$(TARGET_NAME)";
				SWIFT_VERSION = 4.0;
				TARGETED_DEVICE_FAMILY = "1,2";
				TEST_HOST = "$(BUILT_PRODUCTS_DIR)/hacker-news.app/hacker-news";
			};
			name = Debug;
		};
		DB43DB63203613CF0024E7A3 /* Release */ = {
			isa = XCBuildConfiguration;
			baseConfigurationReference = 3EBF69BD06F9A4DB6DEDE4A4 /* Pods-hacker-newsTests.release.xcconfig */;
			buildSettings = {
				ALWAYS_EMBED_SWIFT_STANDARD_LIBRARIES = YES;
				BUNDLE_LOADER = "$(TEST_HOST)";
				CODE_SIGN_STYLE = Automatic;
				DEVELOPMENT_TEAM = 6X88V8MC7R;
				INFOPLIST_FILE = "hacker-newsTests/Info.plist";
				LD_RUNPATH_SEARCH_PATHS = "$(inherited) @executable_path/Frameworks @loader_path/Frameworks";
				PRODUCT_BUNDLE_IDENTIFIER = "com.project.hacker-newsTests";
				PRODUCT_NAME = "$(TARGET_NAME)";
				SWIFT_VERSION = 4.0;
				TARGETED_DEVICE_FAMILY = "1,2";
				TEST_HOST = "$(BUILT_PRODUCTS_DIR)/hacker-news.app/hacker-news";
			};
			name = Release;
		};
/* End XCBuildConfiguration section */

/* Begin XCConfigurationList section */
		DB43DB3C203613CF0024E7A3 /* Build configuration list for PBXProject "hacker-news" */ = {
			isa = XCConfigurationList;
			buildConfigurations = (
				DB43DB5C203613CF0024E7A3 /* Debug */,
				DB43DB5D203613CF0024E7A3 /* Release */,
			);
			defaultConfigurationIsVisible = 0;
			defaultConfigurationName = Release;
		};
		DB43DB5E203613CF0024E7A3 /* Build configuration list for PBXNativeTarget "hacker-news" */ = {
			isa = XCConfigurationList;
			buildConfigurations = (
				DB43DB5F203613CF0024E7A3 /* Debug */,
				DB43DB60203613CF0024E7A3 /* Release */,
			);
			defaultConfigurationIsVisible = 0;
			defaultConfigurationName = Release;
		};
		DB43DB61203613CF0024E7A3 /* Build configuration list for PBXNativeTarget "hacker-newsTests" */ = {
			isa = XCConfigurationList;
			buildConfigurations = (
				DB43DB62203613CF0024E7A3 /* Debug */,
				DB43DB63203613CF0024E7A3 /* Release */,
			);
			defaultConfigurationIsVisible = 0;
			defaultConfigurationName = Release;
		};
/* End XCConfigurationList section */
	};
	rootObject = DB43DB39203613CF0024E7A3 /* Project object */;
}
